Microsoft Visual Studio Solution File, Format Version 11.00
# Visual Studio 2010
Project("{FAE04EC0-301F-11D3-BF4B-00C04F79EFBC}") = "Vision", "Vision\Application\Vision.csproj", "{F421D3C6-0000-0000-0000-000000000000}"
EndProject
Project("{FAE04EC0-301F-11D3-BF4B-00C04F79EFBC}") = "Vision.BotManager", "Vision\BotManager\Vision.BotManager.csproj", "{CCB517D0-0000-0000-0000-000000000000}"
EndProject
Project("{FAE04EC0-301F-11D3-BF4B-00C04F79EFBC}") = "Vision.ClientStack", "Vision\ClientStack\Vision.ClientStack.csproj", "{23E89FB9-0000-0000-0000-000000000000}"
EndProject
Project("{FAE04EC0-301F-11D3-BF4B-00C04F79EFBC}") = "Vision.CoreApplicationPlugins", "Vision\CoreApplicationPlugins\Vision.CoreApplicationPlugins.csproj", "{61110875-0000-0000-0000-000000000000}"
EndProject
Project("{FAE04EC0-301F-11D3-BF4B-00C04F79EFBC}") = "Vision.DataManager", "Vision\DataManager\Vision.DataManager.csproj", "{3F483685-0000-0000-0000-000000000000}"
EndProject
Project("{FAE04EC0-301F-11D3-BF4B-00C04F79EFBC}") = "Vision.DataManager.MySQL", "Vision\DataManagerPlugins\MySQL\Vision.DataManager.MySQL.csproj", "{583A99FD-0000-0000-0000-000000000000}"
EndProject
Project("{FAE04EC0-301F-11D3-BF4B-00C04F79EFBC}") = "Vision.DataManager.SQLite", "Vision\DataManagerPlugins\SQLite\Vision.DataManager.SQLite.csproj", "{A065B915-0000-0000-0000-000000000000}"
EndProject
Project("{FAE04EC0-301F-11D3-BF4B-00C04F79EFBC}") = "Vision.Framework", "Vision\Framework\Vision.Framework.csproj", "{35896C5C-0000-0000-0000-000000000000}"
EndProject
Project("{FAE04EC0-301F-11D3-BF4B-00C04F79EFBC}") = "Vision.Modules", "Vision\Modules\Vision.Modules.csproj", "{8529568F-0000-0000-0000-000000000000}"
EndProject
Project("{FAE04EC0-301F-11D3-BF4B-00C04F79EFBC}") = "Vision.Physics.BasicPhysicsPlugin", "Vision\Physics\BasicPhysicsPlugin\Vision.Physics.BasicPhysicsPlugin.csproj", "{EC3EF73F-0000-0000-0000-000000000000}"
EndProject
Project("{FAE04EC0-301F-11D3-BF4B-00C04F79EFBC}") = "Vision.Physics.BulletSPlugin", "Vision\Physics\BulletSPlugin\Vision.Physics.BulletSPlugin.csproj", "{60351F0F-0000-0000-0000-000000000000}"
EndProject
Project("{FAE04EC0-301F-11D3-BF4B-00C04F79EFBC}") = "Vision.Physics.ConvexDecompositionDotNet", "Vision\Physics\ConvexDecompositionDotNet\Vision.Physics.ConvexDecompositionDotNet.csproj", "{04F7C877-0000-0000-0000-000000000000}"
EndProject
Project("{FAE04EC0-301F-11D3-BF4B-00C04F79EFBC}") = "Vision.Physics.Meshing", "Vision\Physics\Meshing\Vision.Physics.Meshing.csproj", "{BAD6F71C-0000-0000-0000-000000000000}"
EndProject
Project("{FAE04EC0-301F-11D3-BF4B-00C04F79EFBC}") = "Vision.Physics.OpenDynamicsEngine", "Vision\Physics\OpenDynamicsEngine\Vision.Physics.OpenDynamicsEngine.csproj", "{0816020B-0000-0000-0000-000000000000}"
EndProject
Project("{FAE04EC0-301F-11D3-BF4B-00C04F79EFBC}") = "Vision.Region", "Vision\Region\Vision.Region.csproj", "{7DD233F8-0000-0000-0000-000000000000}"
EndProject
Project("{FAE04EC0-301F-11D3-BF4B-00C04F79EFBC}") = "Vision.ScriptEngine.DotNetEngine", "Vision\ScriptEngine\DotNetEngine\Vision.ScriptEngine.DotNetEngine.csproj", "{D4E9228F-0000-0000-0000-000000000000}"
EndProject
Project("{FAE04EC0-301F-11D3-BF4B-00C04F79EFBC}") = "Vision.Server", "Vision\Server\Vision.Server.csproj", "{1CE0C86B-0000-0000-0000-000000000000}"
EndProject
Project("{FAE04EC0-301F-11D3-BF4B-00C04F79EFBC}") = "Vision.Server.AssetServer", "Vision\Servers\AssetServer\Vision.Server.AssetServer.csproj", "{1E1B3EC6-0000-0000-0000-000000000000}"
EndProject
Project("{FAE04EC0-301F-11D3-BF4B-00C04F79EFBC}") = "Vision.Server.AvatarServer", "Vision\Servers\AvatarServer\Vision.Server.AvatarServer.csproj", "{B38E5D55-0000-0000-0000-000000000000}"
EndProject
Project("{FAE04EC0-301F-11D3-BF4B-00C04F79EFBC}") = "Vision.Server.GridServer", "Vision\Servers\GridServer\Vision.Server.GridServer.csproj", "{D90B57F8-0000-0000-0000-000000000000}"
EndProject
Project("{FAE04EC0-301F-11D3-BF4B-00C04F79EFBC}") = "Vision.Server.InventoryServer", "Vision\Servers\InventoryServer\Vision.Server.InventoryServer.csproj", "{26044B8E-0000-0000-0000-000000000000}"
EndProject
Project("{FAE04EC0-301F-11D3-BF4B-00C04F79EFBC}") = "Vision.Server.WebServer", "Vision\Servers\WebServer\Vision.Server.WebServer.csproj", "{3F2495D4-0000-0000-0000-000000000000}"
EndProject
Project("{FAE04EC0-301F-11D3-BF4B-00C04F79EFBC}") = "Vision.Services.DataService", "Vision\Services\DataService\Vision.Services.DataService.csproj", "{0A2E3F77-0000-0000-0000-000000000000}"
EndProject
Project("{FAE04EC0-301F-11D3-BF4B-00C04F79EFBC}") = "Vision.Services.GenericServices", "Vision\Services\GenericServices\Vision.Services.GenericServices.csproj", "{D71809D5-0000-0000-0000-000000000000}"
EndProject
Project("{FAE04EC0-301F-11D3-BF4B-00C04F79EFBC}") = "Vision.Services.NoSQLServices", "Vision\Services\NoSQLServices\Vision.Services.NoSQLServices.csproj", "{BEC7C457-0000-0000-0000-000000000000}"
EndProject
Project("{FAE04EC0-301F-11D3-BF4B-00C04F79EFBC}") = "Vision.Services.SQLServices", "Vision\Services\SQLServices\Vision.Services.SQLServices.csproj", "{069CAD62-0000-0000-0000-000000000000}"
EndProject
Project("{FAE04EC0-301F-11D3-BF4B-00C04F79EFBC}") = "Vision.Simulation.Base", "Vision\Simulation\Base\Vision.Simulation.Base.csproj", "{49E73872-0000-0000-0000-000000000000}"
EndProject
Global
	GlobalSection(SolutionConfigurationPlatforms) = preSolution
		Debug|x86 = Debug|x86
		Debug|Any CPU = Debug|Any CPU
		Debug|x64 = Debug|x64
		Release|x86 = Release|x86
		Release|Any CPU = Release|Any CPU
		Release|x64 = Release|x64
	EndGlobalSection
	GlobalSection(ProjectConfigurationPlatforms) = postSolution
		{F421D3C6-0000-0000-0000-000000000000}.Debug|x86.ActiveCfg = Debug|x86
		{F421D3C6-0000-0000-0000-000000000000}.Debug|x86.Build.0 = Debug|x86
		{F421D3C6-0000-0000-0000-000000000000}.Debug|Any CPU.ActiveCfg = Debug|Any CPU
		{F421D3C6-0000-0000-0000-000000000000}.Debug|Any CPU.Build.0 = Debug|Any CPU
		{F421D3C6-0000-0000-0000-000000000000}.Debug|x64.ActiveCfg = Debug|x64
		{F421D3C6-0000-0000-0000-000000000000}.Debug|x64.Build.0 = Debug|x64
		{F421D3C6-0000-0000-0000-000000000000}.Release|x86.ActiveCfg = Release|x86
		{F421D3C6-0000-0000-0000-000000000000}.Release|x86.Build.0 = Release|x86
		{F421D3C6-0000-0000-0000-000000000000}.Release|Any CPU.ActiveCfg = Release|Any CPU
		{F421D3C6-0000-0000-0000-000000000000}.Release|Any CPU.Build.0 = Release|Any CPU
		{F421D3C6-0000-0000-0000-000000000000}.Release|x64.ActiveCfg = Release|x64
		{F421D3C6-0000-0000-0000-000000000000}.Release|x64.Build.0 = Release|x64
		{CCB517D0-0000-0000-0000-000000000000}.Debug|x86.ActiveCfg = Debug|x86
		{CCB517D0-0000-0000-0000-000000000000}.Debug|x86.Build.0 = Debug|x86
		{CCB517D0-0000-0000-0000-000000000000}.Debug|Any CPU.ActiveCfg = Debug|Any CPU
		{CCB517D0-0000-0000-0000-000000000000}.Debug|Any CPU.Build.0 = Debug|Any CPU
		{CCB517D0-0000-0000-0000-000000000000}.Debug|x64.ActiveCfg = Debug|x64
		{CCB517D0-0000-0000-0000-000000000000}.Debug|x64.Build.0 = Debug|x64
		{CCB517D0-0000-0000-0000-000000000000}.Release|x86.ActiveCfg = Release|x86
		{CCB517D0-0000-0000-0000-000000000000}.Release|x86.Build.0 = Release|x86
		{CCB517D0-0000-0000-0000-000000000000}.Release|Any CPU.ActiveCfg = Release|Any CPU
		{CCB517D0-0000-0000-0000-000000000000}.Release|Any CPU.Build.0 = Release|Any CPU
		{CCB517D0-0000-0000-0000-000000000000}.Release|x64.ActiveCfg = Release|x64
		{CCB517D0-0000-0000-0000-000000000000}.Release|x64.Build.0 = Release|x64
		{23E89FB9-0000-0000-0000-000000000000}.Debug|x86.ActiveCfg = Debug|x86
		{23E89FB9-0000-0000-0000-000000000000}.Debug|x86.Build.0 = Debug|x86
		{23E89FB9-0000-0000-0000-000000000000}.Debug|Any CPU.ActiveCfg = Debug|Any CPU
		{23E89FB9-0000-0000-0000-000000000000}.Debug|Any CPU.Build.0 = Debug|Any CPU
		{23E89FB9-0000-0000-0000-000000000000}.Debug|x64.ActiveCfg = Debug|x64
		{23E89FB9-0000-0000-0000-000000000000}.Debug|x64.Build.0 = Debug|x64
		{23E89FB9-0000-0000-0000-000000000000}.Release|x86.ActiveCfg = Release|x86
		{23E89FB9-0000-0000-0000-000000000000}.Release|x86.Build.0 = Release|x86
		{23E89FB9-0000-0000-0000-000000000000}.Release|Any CPU.ActiveCfg = Release|Any CPU
		{23E89FB9-0000-0000-0000-000000000000}.Release|Any CPU.Build.0 = Release|Any CPU
		{23E89FB9-0000-0000-0000-000000000000}.Release|x64.ActiveCfg = Release|x64
		{23E89FB9-0000-0000-0000-000000000000}.Release|x64.Build.0 = Release|x64
		{61110875-0000-0000-0000-000000000000}.Debug|x86.ActiveCfg = Debug|x86
		{61110875-0000-0000-0000-000000000000}.Debug|x86.Build.0 = Debug|x86
		{61110875-0000-0000-0000-000000000000}.Debug|Any CPU.ActiveCfg = Debug|Any CPU
		{61110875-0000-0000-0000-000000000000}.Debug|Any CPU.Build.0 = Debug|Any CPU
		{61110875-0000-0000-0000-000000000000}.Debug|x64.ActiveCfg = Debug|x64
		{61110875-0000-0000-0000-000000000000}.Debug|x64.Build.0 = Debug|x64
		{61110875-0000-0000-0000-000000000000}.Release|x86.ActiveCfg = Release|x86
		{61110875-0000-0000-0000-000000000000}.Release|x86.Build.0 = Release|x86
		{61110875-0000-0000-0000-000000000000}.Release|Any CPU.ActiveCfg = Release|Any CPU
		{61110875-0000-0000-0000-000000000000}.Release|Any CPU.Build.0 = Release|Any CPU
		{61110875-0000-0000-0000-000000000000}.Release|x64.ActiveCfg = Release|x64
		{61110875-0000-0000-0000-000000000000}.Release|x64.Build.0 = Release|x64
		{3F483685-0000-0000-0000-000000000000}.Debug|x86.ActiveCfg = Debug|x86
		{3F483685-0000-0000-0000-000000000000}.Debug|x86.Build.0 = Debug|x86
		{3F483685-0000-0000-0000-000000000000}.Debug|Any CPU.ActiveCfg = Debug|Any CPU
		{3F483685-0000-0000-0000-000000000000}.Debug|Any CPU.Build.0 = Debug|Any CPU
		{3F483685-0000-0000-0000-000000000000}.Debug|x64.ActiveCfg = Debug|x64
		{3F483685-0000-0000-0000-000000000000}.Debug|x64.Build.0 = Debug|x64
		{3F483685-0000-0000-0000-000000000000}.Release|x86.ActiveCfg = Release|x86
		{3F483685-0000-0000-0000-000000000000}.Release|x86.Build.0 = Release|x86
		{3F483685-0000-0000-0000-000000000000}.Release|Any CPU.ActiveCfg = Release|Any CPU
		{3F483685-0000-0000-0000-000000000000}.Release|Any CPU.Build.0 = Release|Any CPU
		{3F483685-0000-0000-0000-000000000000}.Release|x64.ActiveCfg = Release|x64
		{3F483685-0000-0000-0000-000000000000}.Release|x64.Build.0 = Release|x64
		{583A99FD-0000-0000-0000-000000000000}.Debug|x86.ActiveCfg = Debug|x86
		{583A99FD-0000-0000-0000-000000000000}.Debug|x86.Build.0 = Debug|x86
		{583A99FD-0000-0000-0000-000000000000}.Debug|Any CPU.ActiveCfg = Debug|Any CPU
		{583A99FD-0000-0000-0000-000000000000}.Debug|Any CPU.Build.0 = Debug|Any CPU
		{583A99FD-0000-0000-0000-000000000000}.Debug|x64.ActiveCfg = Debug|x64
		{583A99FD-0000-0000-0000-000000000000}.Debug|x64.Build.0 = Debug|x64
		{583A99FD-0000-0000-0000-000000000000}.Release|x86.ActiveCfg = Release|x86
		{583A99FD-0000-0000-0000-000000000000}.Release|x86.Build.0 = Release|x86
		{583A99FD-0000-0000-0000-000000000000}.Release|Any CPU.ActiveCfg = Release|Any CPU
		{583A99FD-0000-0000-0000-000000000000}.Release|Any CPU.Build.0 = Release|Any CPU
		{583A99FD-0000-0000-0000-000000000000}.Release|x64.ActiveCfg = Release|x64
		{583A99FD-0000-0000-0000-000000000000}.Release|x64.Build.0 = Release|x64
		{A065B915-0000-0000-0000-000000000000}.Debug|x86.ActiveCfg = Debug|x86
		{A065B915-0000-0000-0000-000000000000}.Debug|x86.Build.0 = Debug|x86
		{A065B915-0000-0000-0000-000000000000}.Debug|Any CPU.ActiveCfg = Debug|Any CPU
		{A065B915-0000-0000-0000-000000000000}.Debug|Any CPU.Build.0 = Debug|Any CPU
		{A065B915-0000-0000-0000-000000000000}.Debug|x64.ActiveCfg = Debug|x64
		{A065B915-0000-0000-0000-000000000000}.Debug|x64.Build.0 = Debug|x64
		{A065B915-0000-0000-0000-000000000000}.Release|x86.ActiveCfg = Release|x86
		{A065B915-0000-0000-0000-000000000000}.Release|x86.Build.0 = Release|x86
		{A065B915-0000-0000-0000-000000000000}.Release|Any CPU.ActiveCfg = Release|Any CPU
		{A065B915-0000-0000-0000-000000000000}.Release|Any CPU.Build.0 = Release|Any CPU
		{A065B915-0000-0000-0000-000000000000}.Release|x64.ActiveCfg = Release|x64
		{A065B915-0000-0000-0000-000000000000}.Release|x64.Build.0 = Release|x64
		{35896C5C-0000-0000-0000-000000000000}.Debug|x86.ActiveCfg = Debug|x86
		{35896C5C-0000-0000-0000-000000000000}.Debug|x86.Build.0 = Debug|x86
		{35896C5C-0000-0000-0000-000000000000}.Debug|Any CPU.ActiveCfg = Debug|Any CPU
		{35896C5C-0000-0000-0000-000000000000}.Debug|Any CPU.Build.0 = Debug|Any CPU
		{35896C5C-0000-0000-0000-000000000000}.Debug|x64.ActiveCfg = Debug|x64
		{35896C5C-0000-0000-0000-000000000000}.Debug|x64.Build.0 = Debug|x64
		{35896C5C-0000-0000-0000-000000000000}.Release|x86.ActiveCfg = Release|x86
		{35896C5C-0000-0000-0000-000000000000}.Release|x86.Build.0 = Release|x86
		{35896C5C-0000-0000-0000-000000000000}.Release|Any CPU.ActiveCfg = Release|Any CPU
		{35896C5C-0000-0000-0000-000000000000}.Release|Any CPU.Build.0 = Release|Any CPU
		{35896C5C-0000-0000-0000-000000000000}.Release|x64.ActiveCfg = Release|x64
		{35896C5C-0000-0000-0000-000000000000}.Release|x64.Build.0 = Release|x64
		{8529568F-0000-0000-0000-000000000000}.Debug|x86.ActiveCfg = Debug|x86
		{8529568F-0000-0000-0000-000000000000}.Debug|x86.Build.0 = Debug|x86
		{8529568F-0000-0000-0000-000000000000}.Debug|Any CPU.ActiveCfg = Debug|Any CPU
		{8529568F-0000-0000-0000-000000000000}.Debug|Any CPU.Build.0 = Debug|Any CPU
		{8529568F-0000-0000-0000-000000000000}.Debug|x64.ActiveCfg = Debug|x64
		{8529568F-0000-0000-0000-000000000000}.Debug|x64.Build.0 = Debug|x64
		{8529568F-0000-0000-0000-000000000000}.Release|x86.ActiveCfg = Release|x86
		{8529568F-0000-0000-0000-000000000000}.Release|x86.Build.0 = Release|x86
		{8529568F-0000-0000-0000-000000000000}.Release|Any CPU.ActiveCfg = Release|Any CPU
		{8529568F-0000-0000-0000-000000000000}.Release|Any CPU.Build.0 = Release|Any CPU
		{8529568F-0000-0000-0000-000000000000}.Release|x64.ActiveCfg = Release|x64
		{8529568F-0000-0000-0000-000000000000}.Release|x64.Build.0 = Release|x64
		{EC3EF73F-0000-0000-0000-000000000000}.Debug|x86.ActiveCfg = Debug|x86
		{EC3EF73F-0000-0000-0000-000000000000}.Debug|x86.Build.0 = Debug|x86
		{EC3EF73F-0000-0000-0000-000000000000}.Debug|Any CPU.ActiveCfg = Debug|Any CPU
		{EC3EF73F-0000-0000-0000-000000000000}.Debug|Any CPU.Build.0 = Debug|Any CPU
		{EC3EF73F-0000-0000-0000-000000000000}.Debug|x64.ActiveCfg = Debug|x64
		{EC3EF73F-0000-0000-0000-000000000000}.Debug|x64.Build.0 = Debug|x64
		{EC3EF73F-0000-0000-0000-000000000000}.Release|x86.ActiveCfg = Release|x86
		{EC3EF73F-0000-0000-0000-000000000000}.Release|x86.Build.0 = Release|x86
		{EC3EF73F-0000-0000-0000-000000000000}.Release|Any CPU.ActiveCfg = Release|Any CPU
		{EC3EF73F-0000-0000-0000-000000000000}.Release|Any CPU.Build.0 = Release|Any CPU
		{EC3EF73F-0000-0000-0000-000000000000}.Release|x64.ActiveCfg = Release|x64
		{EC3EF73F-0000-0000-0000-000000000000}.Release|x64.Build.0 = Release|x64
		{60351F0F-0000-0000-0000-000000000000}.Debug|x86.ActiveCfg = Debug|x86
		{60351F0F-0000-0000-0000-000000000000}.Debug|x86.Build.0 = Debug|x86
		{60351F0F-0000-0000-0000-000000000000}.Debug|Any CPU.ActiveCfg = Debug|Any CPU
		{60351F0F-0000-0000-0000-000000000000}.Debug|Any CPU.Build.0 = Debug|Any CPU
		{60351F0F-0000-0000-0000-000000000000}.Debug|x64.ActiveCfg = Debug|x64
		{60351F0F-0000-0000-0000-000000000000}.Debug|x64.Build.0 = Debug|x64
		{60351F0F-0000-0000-0000-000000000000}.Release|x86.ActiveCfg = Release|x86
		{60351F0F-0000-0000-0000-000000000000}.Release|x86.Build.0 = Release|x86
		{60351F0F-0000-0000-0000-000000000000}.Release|Any CPU.ActiveCfg = Release|Any CPU
		{60351F0F-0000-0000-0000-000000000000}.Release|Any CPU.Build.0 = Release|Any CPU
		{60351F0F-0000-0000-0000-000000000000}.Release|x64.ActiveCfg = Release|x64
		{60351F0F-0000-0000-0000-000000000000}.Release|x64.Build.0 = Release|x64
		{04F7C877-0000-0000-0000-000000000000}.Debug|x86.ActiveCfg = Debug|x86
		{04F7C877-0000-0000-0000-000000000000}.Debug|x86.Build.0 = Debug|x86
		{04F7C877-0000-0000-0000-000000000000}.Debug|Any CPU.ActiveCfg = Debug|Any CPU
		{04F7C877-0000-0000-0000-000000000000}.Debug|Any CPU.Build.0 = Debug|Any CPU
		{04F7C877-0000-0000-0000-000000000000}.Debug|x64.ActiveCfg = Debug|x64
		{04F7C877-0000-0000-0000-000000000000}.Debug|x64.Build.0 = Debug|x64
		{04F7C877-0000-0000-0000-000000000000}.Release|x86.ActiveCfg = Release|x86
		{04F7C877-0000-0000-0000-000000000000}.Release|x86.Build.0 = Release|x86
		{04F7C877-0000-0000-0000-000000000000}.Release|Any CPU.ActiveCfg = Release|Any CPU
		{04F7C877-0000-0000-0000-000000000000}.Release|Any CPU.Build.0 = Release|Any CPU
		{04F7C877-0000-0000-0000-000000000000}.Release|x64.ActiveCfg = Release|x64
		{04F7C877-0000-0000-0000-000000000000}.Release|x64.Build.0 = Release|x64
		{BAD6F71C-0000-0000-0000-000000000000}.Debug|x86.ActiveCfg = Debug|x86
		{BAD6F71C-0000-0000-0000-000000000000}.Debug|x86.Build.0 = Debug|x86
		{BAD6F71C-0000-0000-0000-000000000000}.Debug|Any CPU.ActiveCfg = Debug|Any CPU
		{BAD6F71C-0000-0000-0000-000000000000}.Debug|Any CPU.Build.0 = Debug|Any CPU
		{BAD6F71C-0000-0000-0000-000000000000}.Debug|x64.ActiveCfg = Debug|x64
		{BAD6F71C-0000-0000-0000-000000000000}.Debug|x64.Build.0 = Debug|x64
		{BAD6F71C-0000-0000-0000-000000000000}.Release|x86.ActiveCfg = Release|x86
		{BAD6F71C-0000-0000-0000-000000000000}.Release|x86.Build.0 = Release|x86
		{BAD6F71C-0000-0000-0000-000000000000}.Release|Any CPU.ActiveCfg = Release|Any CPU
		{BAD6F71C-0000-0000-0000-000000000000}.Release|Any CPU.Build.0 = Release|Any CPU
		{BAD6F71C-0000-0000-0000-000000000000}.Release|x64.ActiveCfg = Release|x64
		{BAD6F71C-0000-0000-0000-000000000000}.Release|x64.Build.0 = Release|x64
		{0816020B-0000-0000-0000-000000000000}.Debug|x86.ActiveCfg = Debug|x86
		{0816020B-0000-0000-0000-000000000000}.Debug|x86.Build.0 = Debug|x86
		{0816020B-0000-0000-0000-000000000000}.Debug|Any CPU.ActiveCfg = Debug|Any CPU
		{0816020B-0000-0000-0000-000000000000}.Debug|Any CPU.Build.0 = Debug|Any CPU
		{0816020B-0000-0000-0000-000000000000}.Debug|x64.ActiveCfg = Debug|x64
		{0816020B-0000-0000-0000-000000000000}.Debug|x64.Build.0 = Debug|x64
		{0816020B-0000-0000-0000-000000000000}.Release|x86.ActiveCfg = Release|x86
		{0816020B-0000-0000-0000-000000000000}.Release|x86.Build.0 = Release|x86
		{0816020B-0000-0000-0000-000000000000}.Release|Any CPU.ActiveCfg = Release|Any CPU
		{0816020B-0000-0000-0000-000000000000}.Release|Any CPU.Build.0 = Release|Any CPU
		{0816020B-0000-0000-0000-000000000000}.Release|x64.ActiveCfg = Release|x64
		{0816020B-0000-0000-0000-000000000000}.Release|x64.Build.0 = Release|x64
		{7DD233F8-0000-0000-0000-000000000000}.Debug|x86.ActiveCfg = Debug|x86
		{7DD233F8-0000-0000-0000-000000000000}.Debug|x86.Build.0 = Debug|x86
		{7DD233F8-0000-0000-0000-000000000000}.Debug|Any CPU.ActiveCfg = Debug|Any CPU
		{7DD233F8-0000-0000-0000-000000000000}.Debug|Any CPU.Build.0 = Debug|Any CPU
		{7DD233F8-0000-0000-0000-000000000000}.Debug|x64.ActiveCfg = Debug|x64
		{7DD233F8-0000-0000-0000-000000000000}.Debug|x64.Build.0 = Debug|x64
		{7DD233F8-0000-0000-0000-000000000000}.Release|x86.ActiveCfg = Release|x86
		{7DD233F8-0000-0000-0000-000000000000}.Release|x86.Build.0 = Release|x86
		{7DD233F8-0000-0000-0000-000000000000}.Release|Any CPU.ActiveCfg = Release|Any CPU
		{7DD233F8-0000-0000-0000-000000000000}.Release|Any CPU.Build.0 = Release|Any CPU
		{7DD233F8-0000-0000-0000-000000000000}.Release|x64.ActiveCfg = Release|x64
		{7DD233F8-0000-0000-0000-000000000000}.Release|x64.Build.0 = Release|x64
		{D4E9228F-0000-0000-0000-000000000000}.Debug|x86.ActiveCfg = Debug|x86
		{D4E9228F-0000-0000-0000-000000000000}.Debug|x86.Build.0 = Debug|x86
		{D4E9228F-0000-0000-0000-000000000000}.Debug|Any CPU.ActiveCfg = Debug|Any CPU
		{D4E9228F-0000-0000-0000-000000000000}.Debug|Any CPU.Build.0 = Debug|Any CPU
		{D4E9228F-0000-0000-0000-000000000000}.Debug|x64.ActiveCfg = Debug|x64
		{D4E9228F-0000-0000-0000-000000000000}.Debug|x64.Build.0 = Debug|x64
		{D4E9228F-0000-0000-0000-000000000000}.Release|x86.ActiveCfg = Release|x86
		{D4E9228F-0000-0000-0000-000000000000}.Release|x86.Build.0 = Release|x86
		{D4E9228F-0000-0000-0000-000000000000}.Release|Any CPU.ActiveCfg = Release|Any CPU
		{D4E9228F-0000-0000-0000-000000000000}.Release|Any CPU.Build.0 = Release|Any CPU
		{D4E9228F-0000-0000-0000-000000000000}.Release|x64.ActiveCfg = Release|x64
		{D4E9228F-0000-0000-0000-000000000000}.Release|x64.Build.0 = Release|x64
		{1CE0C86B-0000-0000-0000-000000000000}.Debug|x86.ActiveCfg = Debug|x86
		{1CE0C86B-0000-0000-0000-000000000000}.Debug|x86.Build.0 = Debug|x86
		{1CE0C86B-0000-0000-0000-000000000000}.Debug|Any CPU.ActiveCfg = Debug|Any CPU
		{1CE0C86B-0000-0000-0000-000000000000}.Debug|Any CPU.Build.0 = Debug|Any CPU
		{1CE0C86B-0000-0000-0000-000000000000}.Debug|x64.ActiveCfg = Debug|x64
		{1CE0C86B-0000-0000-0000-000000000000}.Debug|x64.Build.0 = Debug|x64
		{1CE0C86B-0000-0000-0000-000000000000}.Release|x86.ActiveCfg = Release|x86
		{1CE0C86B-0000-0000-0000-000000000000}.Release|x86.Build.0 = Release|x86
		{1CE0C86B-0000-0000-0000-000000000000}.Release|Any CPU.ActiveCfg = Release|Any CPU
		{1CE0C86B-0000-0000-0000-000000000000}.Release|Any CPU.Build.0 = Release|Any CPU
		{1CE0C86B-0000-0000-0000-000000000000}.Release|x64.ActiveCfg = Release|x64
		{1CE0C86B-0000-0000-0000-000000000000}.Release|x64.Build.0 = Release|x64
		{1E1B3EC6-0000-0000-0000-000000000000}.Debug|x86.ActiveCfg = Debug|x86
		{1E1B3EC6-0000-0000-0000-000000000000}.Debug|x86.Build.0 = Debug|x86
		{1E1B3EC6-0000-0000-0000-000000000000}.Debug|Any CPU.ActiveCfg = Debug|Any CPU
		{1E1B3EC6-0000-0000-0000-000000000000}.Debug|Any CPU.Build.0 = Debug|Any CPU
		{1E1B3EC6-0000-0000-0000-000000000000}.Debug|x64.ActiveCfg = Debug|x64
		{1E1B3EC6-0000-0000-0000-000000000000}.Debug|x64.Build.0 = Debug|x64
		{1E1B3EC6-0000-0000-0000-000000000000}.Release|x86.ActiveCfg = Release|x86
		{1E1B3EC6-0000-0000-0000-000000000000}.Release|x86.Build.0 = Release|x86
		{1E1B3EC6-0000-0000-0000-000000000000}.Release|Any CPU.ActiveCfg = Release|Any CPU
		{1E1B3EC6-0000-0000-0000-000000000000}.Release|Any CPU.Build.0 = Release|Any CPU
		{1E1B3EC6-0000-0000-0000-000000000000}.Release|x64.ActiveCfg = Release|x64
		{1E1B3EC6-0000-0000-0000-000000000000}.Release|x64.Build.0 = Release|x64
		{B38E5D55-0000-0000-0000-000000000000}.Debug|x86.ActiveCfg = Debug|x86
		{B38E5D55-0000-0000-0000-000000000000}.Debug|x86.Build.0 = Debug|x86
		{B38E5D55-0000-0000-0000-000000000000}.Debug|Any CPU.ActiveCfg = Debug|Any CPU
		{B38E5D55-0000-0000-0000-000000000000}.Debug|Any CPU.Build.0 = Debug|Any CPU
		{B38E5D55-0000-0000-0000-000000000000}.Debug|x64.ActiveCfg = Debug|x64
		{B38E5D55-0000-0000-0000-000000000000}.Debug|x64.Build.0 = Debug|x64
		{B38E5D55-0000-0000-0000-000000000000}.Release|x86.ActiveCfg = Release|x86
		{B38E5D55-0000-0000-0000-000000000000}.Release|x86.Build.0 = Release|x86
		{B38E5D55-0000-0000-0000-000000000000}.Release|Any CPU.ActiveCfg = Release|Any CPU
		{B38E5D55-0000-0000-0000-000000000000}.Release|Any CPU.Build.0 = Release|Any CPU
		{B38E5D55-0000-0000-0000-000000000000}.Release|x64.ActiveCfg = Release|x64
		{B38E5D55-0000-0000-0000-000000000000}.Release|x64.Build.0 = Release|x64
		{D90B57F8-0000-0000-0000-000000000000}.Debug|x86.ActiveCfg = Debug|x86
		{D90B57F8-0000-0000-0000-000000000000}.Debug|x86.Build.0 = Debug|x86
		{D90B57F8-0000-0000-0000-000000000000}.Debug|Any CPU.ActiveCfg = Debug|Any CPU
		{D90B57F8-0000-0000-0000-000000000000}.Debug|Any CPU.Build.0 = Debug|Any CPU
		{D90B57F8-0000-0000-0000-000000000000}.Debug|x64.ActiveCfg = Debug|x64
		{D90B57F8-0000-0000-0000-000000000000}.Debug|x64.Build.0 = Debug|x64
		{D90B57F8-0000-0000-0000-000000000000}.Release|x86.ActiveCfg = Release|x86
		{D90B57F8-0000-0000-0000-000000000000}.Release|x86.Build.0 = Release|x86
		{D90B57F8-0000-0000-0000-000000000000}.Release|Any CPU.ActiveCfg = Release|Any CPU
		{D90B57F8-0000-0000-0000-000000000000}.Release|Any CPU.Build.0 = Release|Any CPU
		{D90B57F8-0000-0000-0000-000000000000}.Release|x64.ActiveCfg = Release|x64
		{D90B57F8-0000-0000-0000-000000000000}.Release|x64.Build.0 = Release|x64
		{26044B8E-0000-0000-0000-000000000000}.Debug|x86.ActiveCfg = Debug|x86
		{26044B8E-0000-0000-0000-000000000000}.Debug|x86.Build.0 = Debug|x86
		{26044B8E-0000-0000-0000-000000000000}.Debug|Any CPU.ActiveCfg = Debug|Any CPU
		{26044B8E-0000-0000-0000-000000000000}.Debug|Any CPU.Build.0 = Debug|Any CPU
		{26044B8E-0000-0000-0000-000000000000}.Debug|x64.ActiveCfg = Debug|x64
		{26044B8E-0000-0000-0000-000000000000}.Debug|x64.Build.0 = Debug|x64
		{26044B8E-0000-0000-0000-000000000000}.Release|x86.ActiveCfg = Release|x86
		{26044B8E-0000-0000-0000-000000000000}.Release|x86.Build.0 = Release|x86
		{26044B8E-0000-0000-0000-000000000000}.Release|Any CPU.ActiveCfg = Release|Any CPU
		{26044B8E-0000-0000-0000-000000000000}.Release|Any CPU.Build.0 = Release|Any CPU
		{26044B8E-0000-0000-0000-000000000000}.Release|x64.ActiveCfg = Release|x64
		{26044B8E-0000-0000-0000-000000000000}.Release|x64.Build.0 = Release|x64
		{3F2495D4-0000-0000-0000-000000000000}.Debug|x86.ActiveCfg = Debug|x86
		{3F2495D4-0000-0000-0000-000000000000}.Debug|x86.Build.0 = Debug|x86
		{3F2495D4-0000-0000-0000-000000000000}.Debug|Any CPU.ActiveCfg = Debug|Any CPU
		{3F2495D4-0000-0000-0000-000000000000}.Debug|Any CPU.Build.0 = Debug|Any CPU
		{3F2495D4-0000-0000-0000-000000000000}.Debug|x64.ActiveCfg = Debug|x64
		{3F2495D4-0000-0000-0000-000000000000}.Debug|x64.Build.0 = Debug|x64
		{3F2495D4-0000-0000-0000-000000000000}.Release|x86.ActiveCfg = Release|x86
		{3F2495D4-0000-0000-0000-000000000000}.Release|x86.Build.0 = Release|x86
		{3F2495D4-0000-0000-0000-000000000000}.Release|Any CPU.ActiveCfg = Release|Any CPU
		{3F2495D4-0000-0000-0000-000000000000}.Release|Any CPU.Build.0 = Release|Any CPU
		{3F2495D4-0000-0000-0000-000000000000}.Release|x64.ActiveCfg = Release|x64
		{3F2495D4-0000-0000-0000-000000000000}.Release|x64.Build.0 = Release|x64
		{0A2E3F77-0000-0000-0000-000000000000}.Debug|x86.ActiveCfg = Debug|x86
		{0A2E3F77-0000-0000-0000-000000000000}.Debug|x86.Build.0 = Debug|x86
		{0A2E3F77-0000-0000-0000-000000000000}.Debug|Any CPU.ActiveCfg = Debug|Any CPU
		{0A2E3F77-0000-0000-0000-000000000000}.Debug|Any CPU.Build.0 = Debug|Any CPU
		{0A2E3F77-0000-0000-0000-000000000000}.Debug|x64.ActiveCfg = Debug|x64
		{0A2E3F77-0000-0000-0000-000000000000}.Debug|x64.Build.0 = Debug|x64
		{0A2E3F77-0000-0000-0000-000000000000}.Release|x86.ActiveCfg = Release|x86
		{0A2E3F77-0000-0000-0000-000000000000}.Release|x86.Build.0 = Release|x86
		{0A2E3F77-0000-0000-0000-000000000000}.Release|Any CPU.ActiveCfg = Release|Any CPU
		{0A2E3F77-0000-0000-0000-000000000000}.Release|Any CPU.Build.0 = Release|Any CPU
		{0A2E3F77-0000-0000-0000-000000000000}.Release|x64.ActiveCfg = Release|x64
		{0A2E3F77-0000-0000-0000-000000000000}.Release|x64.Build.0 = Release|x64
		{D71809D5-0000-0000-0000-000000000000}.Debug|x86.ActiveCfg = Debug|x86
		{D71809D5-0000-0000-0000-000000000000}.Debug|x86.Build.0 = Debug|x86
		{D71809D5-0000-0000-0000-000000000000}.Debug|Any CPU.ActiveCfg = Debug|Any CPU
		{D71809D5-0000-0000-0000-000000000000}.Debug|Any CPU.Build.0 = Debug|Any CPU
		{D71809D5-0000-0000-0000-000000000000}.Debug|x64.ActiveCfg = Debug|x64
		{D71809D5-0000-0000-0000-000000000000}.Debug|x64.Build.0 = Debug|x64
		{D71809D5-0000-0000-0000-000000000000}.Release|x86.ActiveCfg = Release|x86
		{D71809D5-0000-0000-0000-000000000000}.Release|x86.Build.0 = Release|x86
		{D71809D5-0000-0000-0000-000000000000}.Release|Any CPU.ActiveCfg = Release|Any CPU
		{D71809D5-0000-0000-0000-000000000000}.Release|Any CPU.Build.0 = Release|Any CPU
		{D71809D5-0000-0000-0000-000000000000}.Release|x64.ActiveCfg = Release|x64
		{D71809D5-0000-0000-0000-000000000000}.Release|x64.Build.0 = Release|x64
		{BEC7C457-0000-0000-0000-000000000000}.Debug|x86.ActiveCfg = Debug|x86
		{BEC7C457-0000-0000-0000-000000000000}.Debug|x86.Build.0 = Debug|x86
		{BEC7C457-0000-0000-0000-000000000000}.Debug|Any CPU.ActiveCfg = Debug|Any CPU
		{BEC7C457-0000-0000-0000-000000000000}.Debug|Any CPU.Build.0 = Debug|Any CPU
		{BEC7C457-0000-0000-0000-000000000000}.Debug|x64.ActiveCfg = Debug|x64
		{BEC7C457-0000-0000-0000-000000000000}.Debug|x64.Build.0 = Debug|x64
		{BEC7C457-0000-0000-0000-000000000000}.Release|x86.ActiveCfg = Release|x86
		{BEC7C457-0000-0000-0000-000000000000}.Release|x86.Build.0 = Release|x86
		{BEC7C457-0000-0000-0000-000000000000}.Release|Any CPU.ActiveCfg = Release|Any CPU
		{BEC7C457-0000-0000-0000-000000000000}.Release|Any CPU.Build.0 = Release|Any CPU
		{BEC7C457-0000-0000-0000-000000000000}.Release|x64.ActiveCfg = Release|x64
		{BEC7C457-0000-0000-0000-000000000000}.Release|x64.Build.0 = Release|x64
		{069CAD62-0000-0000-0000-000000000000}.Debug|x86.ActiveCfg = Debug|x86
		{069CAD62-0000-0000-0000-000000000000}.Debug|x86.Build.0 = Debug|x86
		{069CAD62-0000-0000-0000-000000000000}.Debug|Any CPU.ActiveCfg = Debug|Any CPU
		{069CAD62-0000-0000-0000-000000000000}.Debug|Any CPU.Build.0 = Debug|Any CPU
		{069CAD62-0000-0000-0000-000000000000}.Debug|x64.ActiveCfg = Debug|x64
		{069CAD62-0000-0000-0000-000000000000}.Debug|x64.Build.0 = Debug|x64
		{069CAD62-0000-0000-0000-000000000000}.Release|x86.ActiveCfg = Release|x86
		{069CAD62-0000-0000-0000-000000000000}.Release|x86.Build.0 = Release|x86
		{069CAD62-0000-0000-0000-000000000000}.Release|Any CPU.ActiveCfg = Release|Any CPU
		{069CAD62-0000-0000-0000-000000000000}.Release|Any CPU.Build.0 = Release|Any CPU
		{069CAD62-0000-0000-0000-000000000000}.Release|x64.ActiveCfg = Release|x64
		{069CAD62-0000-0000-0000-000000000000}.Release|x64.Build.0 = Release|x64
		{49E73872-0000-0000-0000-000000000000}.Debug|x86.ActiveCfg = Debug|x86
		{49E73872-0000-0000-0000-000000000000}.Debug|x86.Build.0 = Debug|x86
		{49E73872-0000-0000-0000-000000000000}.Debug|Any CPU.ActiveCfg = Debug|Any CPU
		{49E73872-0000-0000-0000-000000000000}.Debug|Any CPU.Build.0 = Debug|Any CPU
		{49E73872-0000-0000-0000-000000000000}.Debug|x64.ActiveCfg = Debug|x64
		{49E73872-0000-0000-0000-000000000000}.Debug|x64.Build.0 = Debug|x64
		{49E73872-0000-0000-0000-000000000000}.Release|x86.ActiveCfg = Release|x86
		{49E73872-0000-0000-0000-000000000000}.Release|x86.Build.0 = Release|x86
		{49E73872-0000-0000-0000-000000000000}.Release|Any CPU.ActiveCfg = Release|Any CPU
		{49E73872-0000-0000-0000-000000000000}.Release|Any CPU.Build.0 = Release|Any CPU
		{49E73872-0000-0000-0000-000000000000}.Release|x64.ActiveCfg = Release|x64
		{49E73872-0000-0000-0000-000000000000}.Release|x64.Build.0 = Release|x64
	EndGlobalSection
EndGlobal
